// !$*UTF8*$!
{
	archiveVersion = 1;
	classes = {
	};
	objectVersion = 46;
	objects = {

/* Begin PBXBuildFile section */
		C9D3F2857A2A0764CBFCD652 /* libPods-TryXcodeBotTests.a in Frameworks */ = {isa = PBXBuildFile; fileRef = CB12EABADB6B66202B6C846D /* libPods-TryXcodeBotTests.a */; };
		D0B3302E7AE741BBAAEE8C42 /* libPods-TryXcodeBot.a in Frameworks */ = {isa = PBXBuildFile; fileRef = 3DCE5CCA145FCE297FD8FFCD /* libPods-TryXcodeBot.a */; };
		E016BE0A1B98016600156692 /* main.m in Sources */ = {isa = PBXBuildFile; fileRef = E016BE091B98016600156692 /* main.m */; };
		E016BE0D1B98016600156692 /* AppDelegate.m in Sources */ = {isa = PBXBuildFile; fileRef = E016BE0C1B98016600156692 /* AppDelegate.m */; };
		E016BE101B98016600156692 /* ViewController.m in Sources */ = {isa = PBXBuildFile; fileRef = E016BE0F1B98016600156692 /* ViewController.m */; };
		E016BE131B98016600156692 /* Main.storyboard in Resources */ = {isa = PBXBuildFile; fileRef = E016BE111B98016600156692 /* Main.storyboard */; };
		E016BE151B98016600156692 /* Images.xcassets in Resources */ = {isa = PBXBuildFile; fileRef = E016BE141B98016600156692 /* Images.xcassets */; };
		E016BE181B98016600156692 /* LaunchScreen.xib in Resources */ = {isa = PBXBuildFile; fileRef = E016BE161B98016600156692 /* LaunchScreen.xib */; };
		E016BE241B98016600156692 /* TryXcodeBotTests.m in Sources */ = {isa = PBXBuildFile; fileRef = E016BE231B98016600156692 /* TryXcodeBotTests.m */; };
		E0502F3E1BAFF36800623699 /* MyObject.m in Sources */ = {isa = PBXBuildFile; fileRef = E0502F3D1BAFF36800623699 /* MyObject.m */; settings = {ASSET_TAGS = (); }; };
		E0502F3F1BAFF9FC00623699 /* MyObject.m in Sources */ = {isa = PBXBuildFile; fileRef = E0502F3D1BAFF36800623699 /* MyObject.m */; settings = {ASSET_TAGS = (); }; };
/* End PBXBuildFile section */

/* Begin PBXContainerItemProxy section */
		E016BE1E1B98016600156692 /* PBXContainerItemProxy */ = {
			isa = PBXContainerItemProxy;
			containerPortal = E016BDFC1B98016600156692 /* Project object */;
			proxyType = 1;
			remoteGlobalIDString = E016BE031B98016600156692;
			remoteInfo = TryXcodeBot;
		};
/* End PBXContainerItemProxy section */

/* Begin PBXFileReference section */
		241A71467829D42DC3E480B8 /* Pods-TryXcodeBotTests.release.xcconfig */ = {isa = PBXFileReference; includeInIndex = 1; lastKnownFileType = text.xcconfig; name = "Pods-TryXcodeBotTests.release.xcconfig"; path = "Pods/Target Support Files/Pods-TryXcodeBotTests/Pods-TryXcodeBotTests.release.xcconfig"; sourceTree = "<group>"; };
		3DCE5CCA145FCE297FD8FFCD /* libPods-TryXcodeBot.a */ = {isa = PBXFileReference; explicitFileType = archive.ar; includeInIndex = 0; path = "libPods-TryXcodeBot.a"; sourceTree = BUILT_PRODUCTS_DIR; };
		661B86EE54AA5504898F31F2 /* Pods-TryXcodeBot.release.xcconfig */ = {isa = PBXFileReference; includeInIndex = 1; lastKnownFileType = text.xcconfig; name = "Pods-TryXcodeBot.release.xcconfig"; path = "Pods/Target Support Files/Pods-TryXcodeBot/Pods-TryXcodeBot.release.xcconfig"; sourceTree = "<group>"; };
		B208A1FFA6747BB74FA3B733 /* Pods-TryXcodeBotTests.debug.xcconfig */ = {isa = PBXFileReference; includeInIndex = 1; lastKnownFileType = text.xcconfig; name = "Pods-TryXcodeBotTests.debug.xcconfig"; path = "Pods/Target Support Files/Pods-TryXcodeBotTests/Pods-TryXcodeBotTests.debug.xcconfig"; sourceTree = "<group>"; };
		B73A73D4354186BE20FAB292 /* Pods-TryXcodeBot.debug.xcconfig */ = {isa = PBXFileReference; includeInIndex = 1; lastKnownFileType = text.xcconfig; name = "Pods-TryXcodeBot.debug.xcconfig"; path = "Pods/Target Support Files/Pods-TryXcodeBot/Pods-TryXcodeBot.debug.xcconfig"; sourceTree = "<group>"; };
		CB12EABADB6B66202B6C846D /* libPods-TryXcodeBotTests.a */ = {isa = PBXFileReference; explicitFileType = archive.ar; includeInIndex = 0; path = "libPods-TryXcodeBotTests.a"; sourceTree = BUILT_PRODUCTS_DIR; };
		E016BE041B98016600156692 /* TryXcodeBot.app */ = {isa = PBXFileReference; explicitFileType = wrapper.application; includeInIndex = 0; path = TryXcodeBot.app; sourceTree = BUILT_PRODUCTS_DIR; };
		E016BE081B98016600156692 /* Info.plist */ = {isa = PBXFileReference; lastKnownFileType = text.plist.xml; path = Info.plist; sourceTree = "<group>"; };
		E016BE091B98016600156692 /* main.m */ = {isa = PBXFileReference; lastKnownFileType = sourcecode.c.objc; path = main.m; sourceTree = "<group>"; };
		E016BE0B1B98016600156692 /* AppDelegate.h */ = {isa = PBXFileReference; lastKnownFileType = sourcecode.c.h; path = AppDelegate.h; sourceTree = "<group>"; };
		E016BE0C1B98016600156692 /* AppDelegate.m */ = {isa = PBXFileReference; lastKnownFileType = sourcecode.c.objc; path = AppDelegate.m; sourceTree = "<group>"; };
		E016BE0E1B98016600156692 /* ViewController.h */ = {isa = PBXFileReference; lastKnownFileType = sourcecode.c.h; path = ViewController.h; sourceTree = "<group>"; };
		E016BE0F1B98016600156692 /* ViewController.m */ = {isa = PBXFileReference; lastKnownFileType = sourcecode.c.objc; path = ViewController.m; sourceTree = "<group>"; };
		E016BE121B98016600156692 /* Base */ = {isa = PBXFileReference; lastKnownFileType = file.storyboard; name = Base; path = Base.lproj/Main.storyboard; sourceTree = "<group>"; };
		E016BE141B98016600156692 /* Images.xcassets */ = {isa = PBXFileReference; lastKnownFileType = folder.assetcatalog; path = Images.xcassets; sourceTree = "<group>"; };
		E016BE171B98016600156692 /* Base */ = {isa = PBXFileReference; lastKnownFileType = file.xib; name = Base; path = Base.lproj/LaunchScreen.xib; sourceTree = "<group>"; };
		E016BE1D1B98016600156692 /* TryXcodeBotTests.xctest */ = {isa = PBXFileReference; explicitFileType = wrapper.cfbundle; includeInIndex = 0; path = TryXcodeBotTests.xctest; sourceTree = BUILT_PRODUCTS_DIR; };
		E016BE221B98016600156692 /* Info.plist */ = {isa = PBXFileReference; lastKnownFileType = text.plist.xml; path = Info.plist; sourceTree = "<group>"; };
		E016BE231B98016600156692 /* TryXcodeBotTests.m */ = {isa = PBXFileReference; lastKnownFileType = sourcecode.c.objc; path = TryXcodeBotTests.m; sourceTree = "<group>"; };
		E0502F3C1BAFF36800623699 /* MyObject.h */ = {isa = PBXFileReference; fileEncoding = 4; lastKnownFileType = sourcecode.c.h; path = MyObject.h; sourceTree = "<group>"; };
		E0502F3D1BAFF36800623699 /* MyObject.m */ = {isa = PBXFileReference; fileEncoding = 4; lastKnownFileType = sourcecode.c.objc; path = MyObject.m; sourceTree = "<group>"; };
		E7EA0028C2B9C6C2479AA2EC /* libPods-TryXcodeBotUnitTests.a */ = {isa = PBXFileReference; explicitFileType = archive.ar; includeInIndex = 0; path = "libPods-TryXcodeBotUnitTests.a"; sourceTree = BUILT_PRODUCTS_DIR; };
/* End PBXFileReference section */

/* Begin PBXFrameworksBuildPhase section */
		E016BE011B98016600156692 /* Frameworks */ = {
			isa = PBXFrameworksBuildPhase;
			buildActionMask = 2147483647;
			files = (
				D0B3302E7AE741BBAAEE8C42 /* libPods-TryXcodeBot.a in Frameworks */,
			);
			runOnlyForDeploymentPostprocessing = 0;
		};
		E016BE1A1B98016600156692 /* Frameworks */ = {
			isa = PBXFrameworksBuildPhase;
			buildActionMask = 2147483647;
			files = (
				C9D3F2857A2A0764CBFCD652 /* libPods-TryXcodeBotTests.a in Frameworks */,
			);
			runOnlyForDeploymentPostprocessing = 0;
		};
/* End PBXFrameworksBuildPhase section */

/* Begin PBXGroup section */
		26B5F4DD8CFC1FFAD32B427D /* Pods */ = {
			isa = PBXGroup;
			children = (
				B73A73D4354186BE20FAB292 /* Pods-TryXcodeBot.debug.xcconfig */,
				661B86EE54AA5504898F31F2 /* Pods-TryXcodeBot.release.xcconfig */,
				B208A1FFA6747BB74FA3B733 /* Pods-TryXcodeBotTests.debug.xcconfig */,
				241A71467829D42DC3E480B8 /* Pods-TryXcodeBotTests.release.xcconfig */,
			);
			name = Pods;
			sourceTree = "<group>";
		};
		4A28461119B8E28A275158D2 /* Frameworks */ = {
			isa = PBXGroup;
			children = (
				3DCE5CCA145FCE297FD8FFCD /* libPods-TryXcodeBot.a */,
				CB12EABADB6B66202B6C846D /* libPods-TryXcodeBotTests.a */,
				E7EA0028C2B9C6C2479AA2EC /* libPods-TryXcodeBotUnitTests.a */,
			);
			name = Frameworks;
			sourceTree = "<group>";
		};
		E016BDFB1B98016600156692 = {
			isa = PBXGroup;
			children = (
				E016BE061B98016600156692 /* TryXcodeBot */,
				E016BE201B98016600156692 /* TryXcodeBotTests */,
				E016BE051B98016600156692 /* Products */,
				26B5F4DD8CFC1FFAD32B427D /* Pods */,
				4A28461119B8E28A275158D2 /* Frameworks */,
			);
			sourceTree = "<group>";
		};
		E016BE051B98016600156692 /* Products */ = {
			isa = PBXGroup;
			children = (
				E016BE041B98016600156692 /* TryXcodeBot.app */,
				E016BE1D1B98016600156692 /* TryXcodeBotTests.xctest */,
			);
			name = Products;
			sourceTree = "<group>";
		};
		E016BE061B98016600156692 /* TryXcodeBot */ = {
			isa = PBXGroup;
			children = (
				E016BE0B1B98016600156692 /* AppDelegate.h */,
				E016BE0C1B98016600156692 /* AppDelegate.m */,
				E016BE0E1B98016600156692 /* ViewController.h */,
				E016BE0F1B98016600156692 /* ViewController.m */,
				E016BE111B98016600156692 /* Main.storyboard */,
				E016BE141B98016600156692 /* Images.xcassets */,
				E016BE161B98016600156692 /* LaunchScreen.xib */,
				E016BE071B98016600156692 /* Supporting Files */,
				E0502F3C1BAFF36800623699 /* MyObject.h */,
				E0502F3D1BAFF36800623699 /* MyObject.m */,
			);
			path = TryXcodeBot;
			sourceTree = "<group>";
		};
		E016BE071B98016600156692 /* Supporting Files */ = {
			isa = PBXGroup;
			children = (
				E016BE081B98016600156692 /* Info.plist */,
				E016BE091B98016600156692 /* main.m */,
			);
			name = "Supporting Files";
			sourceTree = "<group>";
		};
		E016BE201B98016600156692 /* TryXcodeBotTests */ = {
			isa = PBXGroup;
			children = (
				E016BE231B98016600156692 /* TryXcodeBotTests.m */,
				E016BE211B98016600156692 /* Supporting Files */,
			);
			path = TryXcodeBotTests;
			sourceTree = "<group>";
		};
		E016BE211B98016600156692 /* Supporting Files */ = {
			isa = PBXGroup;
			children = (
				E016BE221B98016600156692 /* Info.plist */,
			);
			name = "Supporting Files";
			sourceTree = "<group>";
		};
/* End PBXGroup section */

/* Begin PBXNativeTarget section */
		E016BE031B98016600156692 /* TryXcodeBot */ = {
			isa = PBXNativeTarget;
			buildConfigurationList = E016BE271B98016600156692 /* Build configuration list for PBXNativeTarget "TryXcodeBot" */;
			buildPhases = (
				D719C73524F983681DD68192 /* Check Pods Manifest.lock */,
				E016BE2D1B98128B00156692 /* Update Build Number as Commit Count */,
				E016BE001B98016600156692 /* Sources */,
				E016BE011B98016600156692 /* Frameworks */,
				E016BE021B98016600156692 /* Resources */,
				463430D11FD0D7F7BAD09195 /* Copy Pods Resources */,
			);
			buildRules = (
			);
			dependencies = (
			);
			name = TryXcodeBot;
			productName = TryXcodeBot;
			productReference = E016BE041B98016600156692 /* TryXcodeBot.app */;
			productType = "com.apple.product-type.application";
		};
		E016BE1C1B98016600156692 /* TryXcodeBotTests */ = {
			isa = PBXNativeTarget;
			buildConfigurationList = E016BE2A1B98016600156692 /* Build configuration list for PBXNativeTarget "TryXcodeBotTests" */;
			buildPhases = (
				66AD8511498CE6B468DA76E6 /* Check Pods Manifest.lock */,
				E016BE191B98016600156692 /* Sources */,
				E016BE1A1B98016600156692 /* Frameworks */,
				E016BE1B1B98016600156692 /* Resources */,
				2C99FE7788BCF8DF670C59DF /* Copy Pods Resources */,
			);
			buildRules = (
			);
			dependencies = (
				E016BE1F1B98016600156692 /* PBXTargetDependency */,
			);
			name = TryXcodeBotTests;
			productName = TryXcodeBotTests;
			productReference = E016BE1D1B98016600156692 /* TryXcodeBotTests.xctest */;
			productType = "com.apple.product-type.bundle.unit-test";
		};
/* End PBXNativeTarget section */

/* Begin PBXProject section */
		E016BDFC1B98016600156692 /* Project object */ = {
			isa = PBXProject;
			attributes = {
				LastUpgradeCheck = 0640;
				ORGANIZATIONNAME = Oozou;
				TargetAttributes = {
					E016BE031B98016600156692 = {
						CreatedOnToolsVersion = 6.4;
					};
					E016BE1C1B98016600156692 = {
						CreatedOnToolsVersion = 6.4;
					};
				};
			};
			buildConfigurationList = E016BDFF1B98016600156692 /* Build configuration list for PBXProject "TryXcodeBot" */;
			compatibilityVersion = "Xcode 3.2";
			developmentRegion = English;
			hasScannedForEncodings = 0;
			knownRegions = (
				en,
				Base,
			);
			mainGroup = E016BDFB1B98016600156692;
			productRefGroup = E016BE051B98016600156692 /* Products */;
			projectDirPath = "";
			projectRoot = "";
			targets = (
				E016BE031B98016600156692 /* TryXcodeBot */,
				E016BE1C1B98016600156692 /* TryXcodeBotTests */,
			);
		};
/* End PBXProject section */

/* Begin PBXResourcesBuildPhase section */
		E016BE021B98016600156692 /* Resources */ = {
			isa = PBXResourcesBuildPhase;
			buildActionMask = 2147483647;
			files = (
				E016BE131B98016600156692 /* Main.storyboard in Resources */,
				E016BE181B98016600156692 /* LaunchScreen.xib in Resources */,
				E016BE151B98016600156692 /* Images.xcassets in Resources */,
			);
			runOnlyForDeploymentPostprocessing = 0;
		};
		E016BE1B1B98016600156692 /* Resources */ = {
			isa = PBXResourcesBuildPhase;
			buildActionMask = 2147483647;
			files = (
			);
			runOnlyForDeploymentPostprocessing = 0;
		};
/* End PBXResourcesBuildPhase section */

/* Begin PBXShellScriptBuildPhase section */
		2C99FE7788BCF8DF670C59DF /* Copy Pods Resources */ = {
			isa = PBXShellScriptBuildPhase;
			buildActionMask = 2147483647;
			files = (
			);
			inputPaths = (
			);
			name = "Copy Pods Resources";
			outputPaths = (
			);
			runOnlyForDeploymentPostprocessing = 0;
			shellPath = /bin/sh;
			shellScript = "\"${SRCROOT}/Pods/Target Support Files/Pods-TryXcodeBotTests/Pods-TryXcodeBotTests-resources.sh\"\n";
			showEnvVarsInLog = 0;
		};
		463430D11FD0D7F7BAD09195 /* Copy Pods Resources */ = {
			isa = PBXShellScriptBuildPhase;
			buildActionMask = 2147483647;
			files = (
			);
			inputPaths = (
			);
			name = "Copy Pods Resources";
			outputPaths = (
			);
			runOnlyForDeploymentPostprocessing = 0;
			shellPath = /bin/sh;
			shellScript = "\"${SRCROOT}/Pods/Target Support Files/Pods-TryXcodeBot/Pods-TryXcodeBot-resources.sh\"\n";
			showEnvVarsInLog = 0;
		};
		66AD8511498CE6B468DA76E6 /* Check Pods Manifest.lock */ = {
			isa = PBXShellScriptBuildPhase;
			buildActionMask = 2147483647;
			files = (
			);
			inputPaths = (
			);
			name = "Check Pods Manifest.lock";
			outputPaths = (
			);
			runOnlyForDeploymentPostprocessing = 0;
			shellPath = /bin/sh;
			shellScript = "diff \"${PODS_ROOT}/../Podfile.lock\" \"${PODS_ROOT}/Manifest.lock\" > /dev/null\nif [[ $? != 0 ]] ; then\n    cat << EOM\nerror: The sandbox is not in sync with the Podfile.lock. Run 'pod install' or update your CocoaPods installation.\nEOM\n    exit 1\nfi\n";
			showEnvVarsInLog = 0;
		};
		D719C73524F983681DD68192 /* Check Pods Manifest.lock */ = {
			isa = PBXShellScriptBuildPhase;
			buildActionMask = 2147483647;
			files = (
			);
			inputPaths = (
			);
			name = "Check Pods Manifest.lock";
			outputPaths = (
			);
			runOnlyForDeploymentPostprocessing = 0;
			shellPath = /bin/sh;
			shellScript = "diff \"${PODS_ROOT}/../Podfile.lock\" \"${PODS_ROOT}/Manifest.lock\" > /dev/null\nif [[ $? != 0 ]] ; then\n    cat << EOM\nerror: The sandbox is not in sync with the Podfile.lock. Run 'pod install' or update your CocoaPods installation.\nEOM\n    exit 1\nfi\n";
			showEnvVarsInLog = 0;
		};
		E016BE2D1B98128B00156692 /* Update Build Number as Commit Count */ = {
			isa = PBXShellScriptBuildPhase;
			buildActionMask = 2147483647;
			files = (
			);
			inputPaths = (
			);
			name = "Update Build Number as Commit Count";
			outputPaths = (
			);
			runOnlyForDeploymentPostprocessing = 0;
			shellPath = /bin/sh;
			shellScript = "echo \"CONFIG $CONFIGURATION\"\nif [ \"$CONFIGURATION\" != \"Release\" ]; then\nexit 0\nfi\n\nBUILD_NUMBER=$(git rev-list HEAD --count)\n/usr/libexec/PlistBuddy -c \"Set :CFBundleVersion $BUILD_NUMBER\" \"$INFOPLIST_FILE\"\n\n# For debugging:\necho \"BUILD NUMBER: $BUILD_NUMBER\"";
		};
/* End PBXShellScriptBuildPhase section */

/* Begin PBXSourcesBuildPhase section */
		E016BE001B98016600156692 /* Sources */ = {
			isa = PBXSourcesBuildPhase;
			buildActionMask = 2147483647;
			files = (
				E016BE101B98016600156692 /* ViewController.m in Sources */,
				E016BE0D1B98016600156692 /* AppDelegate.m in Sources */,
				E0502F3E1BAFF36800623699 /* MyObject.m in Sources */,
				E016BE0A1B98016600156692 /* main.m in Sources */,
			);
			runOnlyForDeploymentPostprocessing = 0;
		};
		E016BE191B98016600156692 /* Sources */ = {
			isa = PBXSourcesBuildPhase;
			buildActionMask = 2147483647;
			files = (
				E0502F3F1BAFF9FC00623699 /* MyObject.m in Sources */,
				E016BE241B98016600156692 /* TryXcodeBotTests.m in Sources */,
			);
			runOnlyForDeploymentPostprocessing = 0;
		};
/* End PBXSourcesBuildPhase section */

/* Begin PBXTargetDependency section */
		E016BE1F1B98016600156692 /* PBXTargetDependency */ = {
			isa = PBXTargetDependency;
			target = E016BE031B98016600156692 /* TryXcodeBot */;
			targetProxy = E016BE1E1B98016600156692 /* PBXContainerItemProxy */;
		};
/* End PBXTargetDependency section */

/* Begin PBXVariantGroup section */
		E016BE111B98016600156692 /* Main.storyboard */ = {
			isa = PBXVariantGroup;
			children = (
				E016BE121B98016600156692 /* Base */,
			);
			name = Main.storyboard;
			sourceTree = "<group>";
		};
		E016BE161B98016600156692 /* LaunchScreen.xib */ = {
			isa = PBXVariantGroup;
			children = (
				E016BE171B98016600156692 /* Base */,
			);
			name = LaunchScreen.xib;
			sourceTree = "<group>";
		};
/* End PBXVariantGroup section */

/* Begin XCBuildConfiguration section */
		E016BE251B98016600156692 /* Debug */ = {
			isa = XCBuildConfiguration;
			buildSettings = {
				ALWAYS_SEARCH_USER_PATHS = NO;
				CLANG_CXX_LANGUAGE_STANDARD = "gnu++0x";
				CLANG_CXX_LIBRARY = "libc++";
				CLANG_ENABLE_MODULES = YES;
				CLANG_ENABLE_OBJC_ARC = YES;
				CLANG_WARN_BOOL_CONVERSION = YES;
				CLANG_WARN_CONSTANT_CONVERSION = YES;
				CLANG_WARN_DIRECT_OBJC_ISA_USAGE = YES_ERROR;
				CLANG_WARN_EMPTY_BODY = YES;
				CLANG_WARN_ENUM_CONVERSION = YES;
				CLANG_WARN_INT_CONVERSION = YES;
				CLANG_WARN_OBJC_ROOT_CLASS = YES_ERROR;
				CLANG_WARN_UNREACHABLE_CODE = YES;
				CLANG_WARN__DUPLICATE_METHOD_MATCH = YES;
				"CODE_SIGN_IDENTITY[sdk=iphoneos*]" = "iPhone Developer";
				COPY_PHASE_STRIP = NO;
				DEBUG_INFORMATION_FORMAT = "dwarf-with-dsym";
				ENABLE_STRICT_OBJC_MSGSEND = YES;
				GCC_C_LANGUAGE_STANDARD = gnu99;
				GCC_DYNAMIC_NO_PIC = NO;
				GCC_NO_COMMON_BLOCKS = YES;
				GCC_OPTIMIZATION_LEVEL = 0;
				GCC_PREPROCESSOR_DEFINITIONS = (
					"DEBUG=1",
					"$(inherited)",
				);
				GCC_SYMBOLS_PRIVATE_EXTERN = NO;
				GCC_WARN_64_TO_32_BIT_CONVERSION = YES;
				GCC_WARN_ABOUT_RETURN_TYPE = YES_ERROR;
				GCC_WARN_UNDECLARED_SELECTOR = YES;
				GCC_WARN_UNINITIALIZED_AUTOS = YES_AGGRESSIVE;
				GCC_WARN_UNUSED_FUNCTION = YES;
				GCC_WARN_UNUSED_VARIABLE = YES;
				IPHONEOS_DEPLOYMENT_TARGET = 8.4;
				MTL_ENABLE_DEBUG_INFO = YES;
				ONLY_ACTIVE_ARCH = YES;
				SDKROOT = iphoneos;
			};
			name = Debug;
		};
		E016BE261B98016600156692 /* Release */ = {
			isa = XCBuildConfiguration;
			buildSettings = {
				ALWAYS_SEARCH_USER_PATHS = NO;
				CLANG_CXX_LANGUAGE_STANDARD = "gnu++0x";
				CLANG_CXX_LIBRARY = "libc++";
				CLANG_ENABLE_MODULES = YES;
				CLANG_ENABLE_OBJC_ARC = YES;
				CLANG_WARN_BOOL_CONVERSION = YES;
				CLANG_WARN_CONSTANT_CONVERSION = YES;
				CLANG_WARN_DIRECT_OBJC_ISA_USAGE = YES_ERROR;
				CLANG_WARN_EMPTY_BODY = YES;
				CLANG_WARN_ENUM_CONVERSION = YES;
				CLANG_WARN_INT_CONVERSION = YES;
				CLANG_WARN_OBJC_ROOT_CLASS = YES_ERROR;
				CLANG_WARN_UNREACHABLE_CODE = YES;
				CLANG_WARN__DUPLICATE_METHOD_MATCH = YES;
				"CODE_SIGN_IDENTITY[sdk=iphoneos*]" = "iPhone Developer";
				COPY_PHASE_STRIP = NO;
				DEBUG_INFORMATION_FORMAT = "dwarf-with-dsym";
				ENABLE_NS_ASSERTIONS = NO;
				ENABLE_STRICT_OBJC_MSGSEND = YES;
				GCC_C_LANGUAGE_STANDARD = gnu99;
				GCC_NO_COMMON_BLOCKS = YES;
				GCC_WARN_64_TO_32_BIT_CONVERSION = YES;
				GCC_WARN_ABOUT_RETURN_TYPE = YES_ERROR;
				GCC_WARN_UNDECLARED_SELECTOR = YES;
				GCC_WARN_UNINITIALIZED_AUTOS = YES_AGGRESSIVE;
				GCC_WARN_UNUSED_FUNCTION = YES;
				GCC_WARN_UNUSED_VARIABLE = YES;
				IPHONEOS_DEPLOYMENT_TARGET = 8.4;
				MTL_ENABLE_DEBUG_INFO = NO;
				SDKROOT = iphoneos;
				VALIDATE_PRODUCT = YES;
			};
			name = Release;
		};
		E016BE281B98016600156692 /* Debug */ = {
			isa = XCBuildConfiguration;
			baseConfigurationReference = B73A73D4354186BE20FAB292 /* Pods-TryXcodeBot.debug.xcconfig */;
			buildSettings = {
				ASSETCATALOG_COMPILER_APPICON_NAME = AppIcon;
				INFOPLIST_FILE = TryXcodeBot/Info.plist;
				LD_RUNPATH_SEARCH_PATHS = "$(inherited) @executable_path/Frameworks";
				PRODUCT_NAME = "$(TARGET_NAME)";
			};
			name = Debug;
		};
		E016BE291B98016600156692 /* Release */ = {
			isa = XCBuildConfiguration;
			baseConfigurationReference = 661B86EE54AA5504898F31F2 /* Pods-TryXcodeBot.release.xcconfig */;
			buildSettings = {
				ASSETCATALOG_COMPILER_APPICON_NAME = AppIcon;
				INFOPLIST_FILE = TryXcodeBot/Info.plist;
				LD_RUNPATH_SEARCH_PATHS = "$(inherited) @executable_path/Frameworks";
				PRODUCT_NAME = "$(TARGET_NAME)";
			};
			name = Release;
		};
		E016BE2B1B98016600156692 /* Debug */ = {
			isa = XCBuildConfiguration;
			baseConfigurationReference = B208A1FFA6747BB74FA3B733 /* Pods-TryXcodeBotTests.debug.xcconfig */;
			buildSettings = {
				FRAMEWORK_SEARCH_PATHS = (
					"$(SDKROOT)/Developer/Library/Frameworks",
					"$(inherited)",
				);
				GCC_PREPROCESSOR_DEFINITIONS = (
					"DEBUG=1",
					"$(inherited)",
				);
				INFOPLIST_FILE = TryXcodeBotTests/Info.plist;
				LD_RUNPATH_SEARCH_PATHS = "$(inherited) @executable_path/Frameworks @loader_path/Frameworks";
				PRODUCT_NAME = "$(TARGET_NAME)";
			};
			name = Debug;
		};
		E016BE2C1B98016600156692 /* Release */ = {
			isa = XCBuildConfiguration;
			baseConfigurationReference = 241A71467829D42DC3E480B8 /* Pods-TryXcodeBotTests.release.xcconfig */;
			buildSettings = {
				FRAMEWORK_SEARCH_PATHS = (
					"$(SDKROOT)/Developer/Library/Frameworks",
					"$(inherited)",
				);
				INFOPLIST_FILE = TryXcodeBotTests/Info.plist;
				LD_RUNPATH_SEARCH_PATHS = "$(inherited) @executable_path/Frameworks @loader_path/Frameworks";
				PRODUCT_NAME = "$(TARGET_NAME)";
			};
			name = Release;
		};
/* End XCBuildConfiguration section */

/* Begin XCConfigurationList section */
		E016BDFF1B98016600156692 /* Build configuration list for PBXProject "TryXcodeBot" */ = {
			isa = XCConfigurationList;
			buildConfigurations = (
				E016BE251B98016600156692 /* Debug */,
				E016BE261B98016600156692 /* Release */,
			);
			defaultConfigurationIsVisible = 0;
			defaultConfigurationName = Release;
		};
		E016BE271B98016600156692 /* Build configuration list for PBXNativeTarget "TryXcodeBot" */ = {
			isa = XCConfigurationList;
			buildConfigurations = (
				E016BE281B98016600156692 /* Debug */,
				E016BE291B98016600156692 /* Release */,
			);
			defaultConfigurationIsVisible = 0;
			defaultConfigurationName = Release;
		};
		E016BE2A1B98016600156692 /* Build configuration list for PBXNativeTarget "TryXcodeBotTests" */ = {
			isa = XCConfigurationList;
			buildConfigurations = (
				E016BE2B1B98016600156692 /* Debug */,
				E016BE2C1B98016600156692 /* Release */,
			);
			defaultConfigurationIsVisible = 0;
			defaultConfigurationName = Release;
		};
/* End XCConfigurationList section */
	};
	rootObject = E016BDFC1B98016600156692 /* Project object */;
}
